
Microsoft Visual Studio Solution File, Format Version 12.00
# Visual Studio Version 16
VisualStudioVersion = 16.0.34114.132
MinimumVisualStudioVersion = 10.0.40219.1
Project("{2150E333-8FDC-42A3-9474-1A3956D46DE8}") = "Task0", "Task0", "{3D99EBF6-B755-45A0-9194-B918EAABEA27}"
EndProject
Project("{FAE04EC0-301F-11D3-BF4B-00C04F79EFBC}") = "Tyuiu.HubulovaVI.Sprint6.Task0.V20.Lib", "Tyuiu.HubulovaVI.Sprint6.Task0.V20.Lib\Tyuiu.HubulovaVI.Sprint6.Task0.V20.Lib.csproj", "{B10AE8BF-6492-44AD-B075-4C8175F9B755}"
EndProject
Project("{FAE04EC0-301F-11D3-BF4B-00C04F79EFBC}") = "Tyuiu.HubulovaVI.Sprint6.Task0.V20.Test", "Tyuiu.HubulovaVI.Sprint6.Task0.V20.Test\Tyuiu.HubulovaVI.Sprint6.Task0.V20.Test.csproj", "{C5A7A782-33BA-44C1-81B6-3310F3B6002F}"
EndProject
Project("{FAE04EC0-301F-11D3-BF4B-00C04F79EFBC}") = "Tyuiu.HubulovaVI.Sprint6.Task0.V20", "Tyuiu.HubulovaVI.Sprint6.Task0.V20\Tyuiu.HubulovaVI.Sprint6.Task0.V20.csproj", "{703837B2-FB4C-4C83-87EF-BE7783B192B4}"
EndProject
Project("{2150E333-8FDC-42A3-9474-1A3956D46DE8}") = "Task1", "Task1", "{C6A97C2A-4B3D-4623-84CF-EF7FF48A9CE0}"
EndProject
Project("{FAE04EC0-301F-11D3-BF4B-00C04F79EFBC}") = "Tyuiu.HubulovaVI.Sprint6.Task1.V26.Lib", "Tyuiu.HubulovaVI.Sprint6.Task1.V26.Lib\Tyuiu.HubulovaVI.Sprint6.Task1.V26.Lib.csproj", "{52DCE757-A903-43D8-B62B-533C597A19E7}"
EndProject
Project("{FAE04EC0-301F-11D3-BF4B-00C04F79EFBC}") = "Tyuiu.HubulovaVI.Sprint6.Task1.V26.Test", "Tyuiu.HubulovaVI.Sprint6.Task1.V26.Test\Tyuiu.HubulovaVI.Sprint6.Task1.V26.Test.csproj", "{0D544D3E-14C7-4B87-9871-2FD9A4F97CE3}"
EndProject
Project("{FAE04EC0-301F-11D3-BF4B-00C04F79EFBC}") = "Tyuiu.HubulovaVI.Sprint6.Task1.V26", "Tyuiu.HubulovaVI.Sprint6.Task1.V26\Tyuiu.HubulovaVI.Sprint6.Task1.V26.csproj", "{973B4190-18D8-49CD-8BA8-070BF64A08D0}"
EndProject
Project("{2150E333-8FDC-42A3-9474-1A3956D46DE8}") = "Task2", "Task2", "{83136951-CDAB-4450-BA7D-D772BC06904D}"
EndProject
Project("{FAE04EC0-301F-11D3-BF4B-00C04F79EFBC}") = "Tyuiu.HubulovaVI.Sprint6.Task2.V24.Lib", "Tyuiu.HubulovaVI.Sprint6.Task2.V24.Lib\Tyuiu.HubulovaVI.Sprint6.Task2.V24.Lib.csproj", "{9B1638E0-EF1F-4643-B492-DCF17AED6A45}"
EndProject
Project("{FAE04EC0-301F-11D3-BF4B-00C04F79EFBC}") = "Tyuiu.HubulovaVI.Sprint6.Task2.V24.Test", "Tyuiu.HubulovaVI.Sprint6.Task2.V24.Test\Tyuiu.HubulovaVI.Sprint6.Task2.V24.Test.csproj", "{2B68F519-F4CB-4B5F-82EC-07988604DF03}"
EndProject
Project("{FAE04EC0-301F-11D3-BF4B-00C04F79EFBC}") = "Tyuiu.HubulovaVI.Sprint6.Task2.V24", "Tyuiu.HubulovaVI.Sprint6.Task2.V24\Tyuiu.HubulovaVI.Sprint6.Task2.V24.csproj", "{F7FBD55E-DEF9-4291-8703-A6942E57964A}"
EndProject
Project("{2150E333-8FDC-42A3-9474-1A3956D46DE8}") = "Task3", "Task3", "{7168ABD5-23FC-49DD-9D9D-BE98369289EF}"
EndProject
Project("{FAE04EC0-301F-11D3-BF4B-00C04F79EFBC}") = "Tyuiu.HubulovaVI.Sprint6.Task3.V22.Lib", "Tyuiu.HubulovaVI.Sprint6.Task3.V22.Lib\Tyuiu.HubulovaVI.Sprint6.Task3.V22.Lib.csproj", "{44845F9D-25DB-47F4-BDEF-0E6FBDB33B6D}"
EndProject
Project("{FAE04EC0-301F-11D3-BF4B-00C04F79EFBC}") = "Tyuiu.HubulovaVI.Sprint6.Task3.V22.Test", "Tyuiu.HubulovaVI.Sprint6.Task3.V22.Test\Tyuiu.HubulovaVI.Sprint6.Task3.V22.Test.csproj", "{96BB5B38-05D8-46B8-965E-6A44321D6F4E}"
EndProject
Project("{FAE04EC0-301F-11D3-BF4B-00C04F79EFBC}") = "Tyuiu.HubulovaVI.Sprint6.Task3.V22", "Tyuiu.HubulovaVI.Sprint6.Task3.V22\Tyuiu.HubulovaVI.Sprint6.Task3.V22.csproj", "{5B7460C1-1134-45C2-B4B4-CC3CFF5B37E9}"
EndProject
Project("{2150E333-8FDC-42A3-9474-1A3956D46DE8}") = "Task4", "Task4", "{C68993AC-7766-4EB9-B80E-E18FD21064B9}"
EndProject
Project("{FAE04EC0-301F-11D3-BF4B-00C04F79EFBC}") = "Tyuiu.HubulovaVI.Sprint6.Task4.V2.Lib", "Tyuiu.HubulovaVI.Sprint6.Task4.V2.Lib\Tyuiu.HubulovaVI.Sprint6.Task4.V2.Lib.csproj", "{C636A6ED-6A1C-4DB5-8F05-720179EF3C4F}"
EndProject
Project("{FAE04EC0-301F-11D3-BF4B-00C04F79EFBC}") = "Tyuiu.HubulovaVI.Sprint6.Task4.V2.Test", "Tyuiu.HubulovaVI.Sprint6.Task4.V2.Test\Tyuiu.HubulovaVI.Sprint6.Task4.V2.Test.csproj", "{7FD7A225-EDF0-4C12-8464-8044B6A09CF6}"
EndProject
Project("{FAE04EC0-301F-11D3-BF4B-00C04F79EFBC}") = "Tyuiu.HubulovaVI.Sprint6.Task4.V2", "Tyuiu.HubulovaVI.Sprint6.Task4.V2\Tyuiu.HubulovaVI.Sprint6.Task4.V2.csproj", "{68880398-F3B8-4B0C-8C82-0A7ADF02BBCF}"
EndProject
Global
	GlobalSection(SolutionConfigurationPlatforms) = preSolution
		Debug|Any CPU = Debug|Any CPU
		Release|Any CPU = Release|Any CPU
	EndGlobalSection
	GlobalSection(ProjectConfigurationPlatforms) = postSolution
		{B10AE8BF-6492-44AD-B075-4C8175F9B755}.Debug|Any CPU.ActiveCfg = Debug|Any CPU
		{B10AE8BF-6492-44AD-B075-4C8175F9B755}.Debug|Any CPU.Build.0 = Debug|Any CPU
		{B10AE8BF-6492-44AD-B075-4C8175F9B755}.Release|Any CPU.ActiveCfg = Release|Any CPU
		{B10AE8BF-6492-44AD-B075-4C8175F9B755}.Release|Any CPU.Build.0 = Release|Any CPU
		{C5A7A782-33BA-44C1-81B6-3310F3B6002F}.Debug|Any CPU.ActiveCfg = Debug|Any CPU
		{C5A7A782-33BA-44C1-81B6-3310F3B6002F}.Debug|Any CPU.Build.0 = Debug|Any CPU
		{C5A7A782-33BA-44C1-81B6-3310F3B6002F}.Release|Any CPU.ActiveCfg = Release|Any CPU
		{C5A7A782-33BA-44C1-81B6-3310F3B6002F}.Release|Any CPU.Build.0 = Release|Any CPU
		{703837B2-FB4C-4C83-87EF-BE7783B192B4}.Debug|Any CPU.ActiveCfg = Debug|Any CPU
		{703837B2-FB4C-4C83-87EF-BE7783B192B4}.Debug|Any CPU.Build.0 = Debug|Any CPU
		{703837B2-FB4C-4C83-87EF-BE7783B192B4}.Release|Any CPU.ActiveCfg = Release|Any CPU
		{703837B2-FB4C-4C83-87EF-BE7783B192B4}.Release|Any CPU.Build.0 = Release|Any CPU
		{52DCE757-A903-43D8-B62B-533C597A19E7}.Debug|Any CPU.ActiveCfg = Debug|Any CPU
		{52DCE757-A903-43D8-B62B-533C597A19E7}.Debug|Any CPU.Build.0 = Debug|Any CPU
		{52DCE757-A903-43D8-B62B-533C597A19E7}.Release|Any CPU.ActiveCfg = Release|Any CPU
		{52DCE757-A903-43D8-B62B-533C597A19E7}.Release|Any CPU.Build.0 = Release|Any CPU
		{0D544D3E-14C7-4B87-9871-2FD9A4F97CE3}.Debug|Any CPU.ActiveCfg = Debug|Any CPU
		{0D544D3E-14C7-4B87-9871-2FD9A4F97CE3}.Debug|Any CPU.Build.0 = Debug|Any CPU
		{0D544D3E-14C7-4B87-9871-2FD9A4F97CE3}.Release|Any CPU.ActiveCfg = Release|Any CPU
		{0D544D3E-14C7-4B87-9871-2FD9A4F97CE3}.Release|Any CPU.Build.0 = Release|Any CPU
		{973B4190-18D8-49CD-8BA8-070BF64A08D0}.Debug|Any CPU.ActiveCfg = Debug|Any CPU
		{973B4190-18D8-49CD-8BA8-070BF64A08D0}.Debug|Any CPU.Build.0 = Debug|Any CPU
		{973B4190-18D8-49CD-8BA8-070BF64A08D0}.Release|Any CPU.ActiveCfg = Release|Any CPU
		{973B4190-18D8-49CD-8BA8-070BF64A08D0}.Release|Any CPU.Build.0 = Release|Any CPU
		{9B1638E0-EF1F-4643-B492-DCF17AED6A45}.Debug|Any CPU.ActiveCfg = Debug|Any CPU
		{9B1638E0-EF1F-4643-B492-DCF17AED6A45}.Debug|Any CPU.Build.0 = Debug|Any CPU
		{9B1638E0-EF1F-4643-B492-DCF17AED6A45}.Release|Any CPU.ActiveCfg = Release|Any CPU
		{9B1638E0-EF1F-4643-B492-DCF17AED6A45}.Release|Any CPU.Build.0 = Release|Any CPU
		{2B68F519-F4CB-4B5F-82EC-07988604DF03}.Debug|Any CPU.ActiveCfg = Debug|Any CPU
		{2B68F519-F4CB-4B5F-82EC-07988604DF03}.Debug|Any CPU.Build.0 = Debug|Any CPU
		{2B68F519-F4CB-4B5F-82EC-07988604DF03}.Release|Any CPU.ActiveCfg = Release|Any CPU
		{2B68F519-F4CB-4B5F-82EC-07988604DF03}.Release|Any CPU.Build.0 = Release|Any CPU
		{F7FBD55E-DEF9-4291-8703-A6942E57964A}.Debug|Any CPU.ActiveCfg = Debug|Any CPU
		{F7FBD55E-DEF9-4291-8703-A6942E57964A}.Debug|Any CPU.Build.0 = Debug|Any CPU
		{F7FBD55E-DEF9-4291-8703-A6942E57964A}.Release|Any CPU.ActiveCfg = Release|Any CPU
		{F7FBD55E-DEF9-4291-8703-A6942E57964A}.Release|Any CPU.Build.0 = Release|Any CPU
		{44845F9D-25DB-47F4-BDEF-0E6FBDB33B6D}.Debug|Any CPU.ActiveCfg = Debug|Any CPU
		{44845F9D-25DB-47F4-BDEF-0E6FBDB33B6D}.Debug|Any CPU.Build.0 = Debug|Any CPU
		{44845F9D-25DB-47F4-BDEF-0E6FBDB33B6D}.Release|Any CPU.ActiveCfg = Release|Any CPU
		{44845F9D-25DB-47F4-BDEF-0E6FBDB33B6D}.Release|Any CPU.Build.0 = Release|Any CPU
		{96BB5B38-05D8-46B8-965E-6A44321D6F4E}.Debug|Any CPU.ActiveCfg = Debug|Any CPU
		{96BB5B38-05D8-46B8-965E-6A44321D6F4E}.Debug|Any CPU.Build.0 = Debug|Any CPU
		{96BB5B38-05D8-46B8-965E-6A44321D6F4E}.Release|Any CPU.ActiveCfg = Release|Any CPU
		{96BB5B38-05D8-46B8-965E-6A44321D6F4E}.Release|Any CPU.Build.0 = Release|Any CPU
		{5B7460C1-1134-45C2-B4B4-CC3CFF5B37E9}.Debug|Any CPU.ActiveCfg = Debug|Any CPU
		{5B7460C1-1134-45C2-B4B4-CC3CFF5B37E9}.Debug|Any CPU.Build.0 = Debug|Any CPU
		{5B7460C1-1134-45C2-B4B4-CC3CFF5B37E9}.Release|Any CPU.ActiveCfg = Release|Any CPU
		{5B7460C1-1134-45C2-B4B4-CC3CFF5B37E9}.Release|Any CPU.Build.0 = Release|Any CPU
		{C636A6ED-6A1C-4DB5-8F05-720179EF3C4F}.Debug|Any CPU.ActiveCfg = Debug|Any CPU
		{C636A6ED-6A1C-4DB5-8F05-720179EF3C4F}.Debug|Any CPU.Build.0 = Debug|Any CPU
		{C636A6ED-6A1C-4DB5-8F05-720179EF3C4F}.Release|Any CPU.ActiveCfg = Release|Any CPU
		{C636A6ED-6A1C-4DB5-8F05-720179EF3C4F}.Release|Any CPU.Build.0 = Release|Any CPU
		{7FD7A225-EDF0-4C12-8464-8044B6A09CF6}.Debug|Any CPU.ActiveCfg = Debug|Any CPU
		{7FD7A225-EDF0-4C12-8464-8044B6A09CF6}.Debug|Any CPU.Build.0 = Debug|Any CPU
		{7FD7A225-EDF0-4C12-8464-8044B6A09CF6}.Release|Any CPU.ActiveCfg = Release|Any CPU
		{7FD7A225-EDF0-4C12-8464-8044B6A09CF6}.Release|Any CPU.Build.0 = Release|Any CPU
		{68880398-F3B8-4B0C-8C82-0A7ADF02BBCF}.Debug|Any CPU.ActiveCfg = Debug|Any CPU
		{68880398-F3B8-4B0C-8C82-0A7ADF02BBCF}.Debug|Any CPU.Build.0 = Debug|Any CPU
		{68880398-F3B8-4B0C-8C82-0A7ADF02BBCF}.Release|Any CPU.ActiveCfg = Release|Any CPU
		{68880398-F3B8-4B0C-8C82-0A7ADF02BBCF}.Release|Any CPU.Build.0 = Release|Any CPU
	EndGlobalSection
	GlobalSection(SolutionProperties) = preSolution
		HideSolutionNode = FALSE
	EndGlobalSection
	GlobalSection(NestedProjects) = preSolution
		{B10AE8BF-6492-44AD-B075-4C8175F9B755} = {3D99EBF6-B755-45A0-9194-B918EAABEA27}
		{C5A7A782-33BA-44C1-81B6-3310F3B6002F} = {3D99EBF6-B755-45A0-9194-B918EAABEA27}
		{703837B2-FB4C-4C83-87EF-BE7783B192B4} = {3D99EBF6-B755-45A0-9194-B918EAABEA27}
		{52DCE757-A903-43D8-B62B-533C597A19E7} = {C6A97C2A-4B3D-4623-84CF-EF7FF48A9CE0}
		{0D544D3E-14C7-4B87-9871-2FD9A4F97CE3} = {C6A97C2A-4B3D-4623-84CF-EF7FF48A9CE0}
		{973B4190-18D8-49CD-8BA8-070BF64A08D0} = {C6A97C2A-4B3D-4623-84CF-EF7FF48A9CE0}
		{9B1638E0-EF1F-4643-B492-DCF17AED6A45} = {83136951-CDAB-4450-BA7D-D772BC06904D}
		{2B68F519-F4CB-4B5F-82EC-07988604DF03} = {83136951-CDAB-4450-BA7D-D772BC06904D}
		{F7FBD55E-DEF9-4291-8703-A6942E57964A} = {83136951-CDAB-4450-BA7D-D772BC06904D}
		{44845F9D-25DB-47F4-BDEF-0E6FBDB33B6D} = {7168ABD5-23FC-49DD-9D9D-BE98369289EF}
		{96BB5B38-05D8-46B8-965E-6A44321D6F4E} = {7168ABD5-23FC-49DD-9D9D-BE98369289EF}
		{5B7460C1-1134-45C2-B4B4-CC3CFF5B37E9} = {7168ABD5-23FC-49DD-9D9D-BE98369289EF}
		{C636A6ED-6A1C-4DB5-8F05-720179EF3C4F} = {C68993AC-7766-4EB9-B80E-E18FD21064B9}
		{7FD7A225-EDF0-4C12-8464-8044B6A09CF6} = {C68993AC-7766-4EB9-B80E-E18FD21064B9}
		{68880398-F3B8-4B0C-8C82-0A7ADF02BBCF} = {C68993AC-7766-4EB9-B80E-E18FD21064B9}
	EndGlobalSection
	GlobalSection(ExtensibilityGlobals) = postSolution
		SolutionGuid = {6EEFD6FA-96FE-491D-AABF-03A993C3120D}
	EndGlobalSection
EndGlobal
