
Microsoft Visual Studio Solution File, Format Version 12.00
# Visual Studio Version 16
VisualStudioVersion = 16.0.34114.132
MinimumVisualStudioVersion = 10.0.40219.1
Project("{2150E333-8FDC-42A3-9474-1A3956D46DE8}") = "Task0", "Task0", "{3D99EBF6-B755-45A0-9194-B918EAABEA27}"
EndProject
Project("{FAE04EC0-301F-11D3-BF4B-00C04F79EFBC}") = "Tyuiu.HubulovaVI.Sprint6.Task0.V20.Lib", "Tyuiu.HubulovaVI.Sprint6.Task0.V20.Lib\Tyuiu.HubulovaVI.Sprint6.Task0.V20.Lib.csproj", "{B10AE8BF-6492-44AD-B075-4C8175F9B755}"
EndProject
Project("{FAE04EC0-301F-11D3-BF4B-00C04F79EFBC}") = "Tyuiu.HubulovaVI.Sprint6.Task0.V20.Test", "Tyuiu.HubulovaVI.Sprint6.Task0.V20.Test\Tyuiu.HubulovaVI.Sprint6.Task0.V20.Test.csproj", "{C5A7A782-33BA-44C1-81B6-3310F3B6002F}"
EndProject
Project("{FAE04EC0-301F-11D3-BF4B-00C04F79EFBC}") = "Tyuiu.HubulovaVI.Sprint6.Task0.V20", "Tyuiu.HubulovaVI.Sprint6.Task0.V20\Tyuiu.HubulovaVI.Sprint6.Task0.V20.csproj", "{703837B2-FB4C-4C83-87EF-BE7783B192B4}"
EndProject
Global
	GlobalSection(SolutionConfigurationPlatforms) = preSolution
		Debug|Any CPU = Debug|Any CPU
		Release|Any CPU = Release|Any CPU
	EndGlobalSection
	GlobalSection(ProjectConfigurationPlatforms) = postSolution
		{B10AE8BF-6492-44AD-B075-4C8175F9B755}.Debug|Any CPU.ActiveCfg = Debug|Any CPU
		{B10AE8BF-6492-44AD-B075-4C8175F9B755}.Debug|Any CPU.Build.0 = Debug|Any CPU
		{B10AE8BF-6492-44AD-B075-4C8175F9B755}.Release|Any CPU.ActiveCfg = Release|Any CPU
		{B10AE8BF-6492-44AD-B075-4C8175F9B755}.Release|Any CPU.Build.0 = Release|Any CPU
		{C5A7A782-33BA-44C1-81B6-3310F3B6002F}.Debug|Any CPU.ActiveCfg = Debug|Any CPU
		{C5A7A782-33BA-44C1-81B6-3310F3B6002F}.Debug|Any CPU.Build.0 = Debug|Any CPU
		{C5A7A782-33BA-44C1-81B6-3310F3B6002F}.Release|Any CPU.ActiveCfg = Release|Any CPU
		{C5A7A782-33BA-44C1-81B6-3310F3B6002F}.Release|Any CPU.Build.0 = Release|Any CPU
		{703837B2-FB4C-4C83-87EF-BE7783B192B4}.Debug|Any CPU.ActiveCfg = Debug|Any CPU
		{703837B2-FB4C-4C83-87EF-BE7783B192B4}.Debug|Any CPU.Build.0 = Debug|Any CPU
		{703837B2-FB4C-4C83-87EF-BE7783B192B4}.Release|Any CPU.ActiveCfg = Release|Any CPU
		{703837B2-FB4C-4C83-87EF-BE7783B192B4}.Release|Any CPU.Build.0 = Release|Any CPU
	EndGlobalSection
	GlobalSection(SolutionProperties) = preSolution
		HideSolutionNode = FALSE
	EndGlobalSection
	GlobalSection(NestedProjects) = preSolution
		{B10AE8BF-6492-44AD-B075-4C8175F9B755} = {3D99EBF6-B755-45A0-9194-B918EAABEA27}
		{C5A7A782-33BA-44C1-81B6-3310F3B6002F} = {3D99EBF6-B755-45A0-9194-B918EAABEA27}
		{703837B2-FB4C-4C83-87EF-BE7783B192B4} = {3D99EBF6-B755-45A0-9194-B918EAABEA27}
	EndGlobalSection
	GlobalSection(ExtensibilityGlobals) = postSolution
		SolutionGuid = {6EEFD6FA-96FE-491D-AABF-03A993C3120D}
	EndGlobalSection
EndGlobal
